
Microsoft Visual Studio Solution File, Format Version 12.00
# Visual Studio Version 16
VisualStudioVersion = 16.0.34601.136
MinimumVisualStudioVersion = 10.0.40219.1
Project("{8BC9CEB8-8B4A-11D0-8D11-00A0C91BC942}") = "FsFilter", "FsFilter.vcxproj", "{F5A0AA4C-171F-4D56-8B69-EE7A1CA96014}"
EndProject
Project("{8BC9CEB8-8B4A-11D0-8D11-00A0C91BC942}") = "MiniFs", "Windows-Minifilter-Template\MiniFs.vcxproj", "{09E923BA-702B-4523-9C2F-A5BF35A94F92}"
EndProject
Project("{8BC9CEB8-8B4A-11D0-8D11-00A0C91BC942}") = "AntiDelete", "AntiDelete\AntiDelete.vcxproj", "{059CF694-2898-43FC-98F2-86B42608485A}"
EndProject
Global
	GlobalSection(SolutionConfigurationPlatforms) = preSolution
		Debug|ARM = Debug|ARM
		Debug|ARM64 = Debug|ARM64
		Debug|x64 = Debug|x64
		Debug|x86 = Debug|x86
		Release|ARM = Release|ARM
		Release|ARM64 = Release|ARM64
		Release|x64 = Release|x64
		Release|x86 = Release|x86
	EndGlobalSection
	GlobalSection(ProjectConfigurationPlatforms) = postSolution
		{F5A0AA4C-171F-4D56-8B69-EE7A1CA96014}.Debug|ARM.ActiveCfg = Debug|ARM
		{F5A0AA4C-171F-4D56-8B69-EE7A1CA96014}.Debug|ARM.Build.0 = Debug|ARM
		{F5A0AA4C-171F-4D56-8B69-EE7A1CA96014}.Debug|ARM64.ActiveCfg = Debug|ARM64
		{F5A0AA4C-171F-4D56-8B69-EE7A1CA96014}.Debug|ARM64.Build.0 = Debug|ARM64
		{F5A0AA4C-171F-4D56-8B69-EE7A1CA96014}.Debug|x64.ActiveCfg = Debug|x64
		{F5A0AA4C-171F-4D56-8B69-EE7A1CA96014}.Debug|x64.Build.0 = Debug|x64
		{F5A0AA4C-171F-4D56-8B69-EE7A1CA96014}.Debug|x86.ActiveCfg = Debug|Win32
		{F5A0AA4C-171F-4D56-8B69-EE7A1CA96014}.Debug|x86.Build.0 = Debug|Win32
		{F5A0AA4C-171F-4D56-8B69-EE7A1CA96014}.Release|ARM.ActiveCfg = Release|ARM
		{F5A0AA4C-171F-4D56-8B69-EE7A1CA96014}.Release|ARM.Build.0 = Release|ARM
		{F5A0AA4C-171F-4D56-8B69-EE7A1CA96014}.Release|ARM64.ActiveCfg = Release|ARM64
		{F5A0AA4C-171F-4D56-8B69-EE7A1CA96014}.Release|ARM64.Build.0 = Release|ARM64
		{F5A0AA4C-171F-4D56-8B69-EE7A1CA96014}.Release|x64.ActiveCfg = Release|x64
		{F5A0AA4C-171F-4D56-8B69-EE7A1CA96014}.Release|x64.Build.0 = Release|x64
		{F5A0AA4C-171F-4D56-8B69-EE7A1CA96014}.Release|x86.ActiveCfg = Release|Win32
		{F5A0AA4C-171F-4D56-8B69-EE7A1CA96014}.Release|x86.Build.0 = Release|Win32
		{09E923BA-702B-4523-9C2F-A5BF35A94F92}.Debug|ARM.ActiveCfg = Debug|ARM
		{09E923BA-702B-4523-9C2F-A5BF35A94F92}.Debug|ARM.Build.0 = Debug|ARM
		{09E923BA-702B-4523-9C2F-A5BF35A94F92}.Debug|ARM64.ActiveCfg = Debug|ARM64
		{09E923BA-702B-4523-9C2F-A5BF35A94F92}.Debug|ARM64.Build.0 = Debug|ARM64
		{09E923BA-702B-4523-9C2F-A5BF35A94F92}.Debug|x64.ActiveCfg = Debug|x64
		{09E923BA-702B-4523-9C2F-A5BF35A94F92}.Debug|x64.Build.0 = Debug|x64
		{09E923BA-702B-4523-9C2F-A5BF35A94F92}.Debug|x86.ActiveCfg = Debug|Win32
		{09E923BA-702B-4523-9C2F-A5BF35A94F92}.Debug|x86.Build.0 = Debug|Win32
		{09E923BA-702B-4523-9C2F-A5BF35A94F92}.Release|ARM.ActiveCfg = Release|ARM
		{09E923BA-702B-4523-9C2F-A5BF35A94F92}.Release|ARM.Build.0 = Release|ARM
		{09E923BA-702B-4523-9C2F-A5BF35A94F92}.Release|ARM64.ActiveCfg = Release|ARM64
		{09E923BA-702B-4523-9C2F-A5BF35A94F92}.Release|ARM64.Build.0 = Release|ARM64
		{09E923BA-702B-4523-9C2F-A5BF35A94F92}.Release|x64.ActiveCfg = Release|x64
		{09E923BA-702B-4523-9C2F-A5BF35A94F92}.Release|x64.Build.0 = Release|x64
		{09E923BA-702B-4523-9C2F-A5BF35A94F92}.Release|x86.ActiveCfg = Release|Win32
		{09E923BA-702B-4523-9C2F-A5BF35A94F92}.Release|x86.Build.0 = Release|Win32
		{059CF694-2898-43FC-98F2-86B42608485A}.Debug|ARM.ActiveCfg = Debug|ARM
		{059CF694-2898-43FC-98F2-86B42608485A}.Debug|ARM.Build.0 = Debug|ARM
		{059CF694-2898-43FC-98F2-86B42608485A}.Debug|ARM.Deploy.0 = Debug|ARM
		{059CF694-2898-43FC-98F2-86B42608485A}.Debug|ARM64.ActiveCfg = Debug|ARM64
		{059CF694-2898-43FC-98F2-86B42608485A}.Debug|ARM64.Build.0 = Debug|ARM64
		{059CF694-2898-43FC-98F2-86B42608485A}.Debug|ARM64.Deploy.0 = Debug|ARM64
		{059CF694-2898-43FC-98F2-86B42608485A}.Debug|x64.ActiveCfg = Debug|x64
		{059CF694-2898-43FC-98F2-86B42608485A}.Debug|x64.Build.0 = Debug|x64
		{059CF694-2898-43FC-98F2-86B42608485A}.Debug|x64.Deploy.0 = Debug|x64
		{059CF694-2898-43FC-98F2-86B42608485A}.Debug|x86.ActiveCfg = Debug|Win32
		{059CF694-2898-43FC-98F2-86B42608485A}.Debug|x86.Build.0 = Debug|Win32
		{059CF694-2898-43FC-98F2-86B42608485A}.Debug|x86.Deploy.0 = Debug|Win32
		{059CF694-2898-43FC-98F2-86B42608485A}.Release|ARM.ActiveCfg = Release|ARM
		{059CF694-2898-43FC-98F2-86B42608485A}.Release|ARM.Build.0 = Release|ARM
		{059CF694-2898-43FC-98F2-86B42608485A}.Release|ARM.Deploy.0 = Release|ARM
		{059CF694-2898-43FC-98F2-86B42608485A}.Release|ARM64.ActiveCfg = Release|ARM64
		{059CF694-2898-43FC-98F2-86B42608485A}.Release|ARM64.Build.0 = Release|ARM64
		{059CF694-2898-43FC-98F2-86B42608485A}.Release|ARM64.Deploy.0 = Release|ARM64
		{059CF694-2898-43FC-98F2-86B42608485A}.Release|x64.ActiveCfg = Release|x64
		{059CF694-2898-43FC-98F2-86B42608485A}.Release|x64.Build.0 = Release|x64
		{059CF694-2898-43FC-98F2-86B42608485A}.Release|x64.Deploy.0 = Release|x64
		{059CF694-2898-43FC-98F2-86B42608485A}.Release|x86.ActiveCfg = Release|Win32
		{059CF694-2898-43FC-98F2-86B42608485A}.Release|x86.Build.0 = Release|Win32
		{059CF694-2898-43FC-98F2-86B42608485A}.Release|x86.Deploy.0 = Release|Win32
	EndGlobalSection
	GlobalSection(SolutionProperties) = preSolution
		HideSolutionNode = FALSE
	EndGlobalSection
	GlobalSection(ExtensibilityGlobals) = postSolution
		SolutionGuid = {8372C7D7-B236-405C-9C49-F0C07B062A0B}
	EndGlobalSection
EndGlobal
